{
	"name": "@rmenke/resolve--001",
	"version": "1.0.0",
	"lockfileVersion": 3,
	"requires": true,
	"packages": {
		"": {
			"name": "@rmenke/resolve--001",
			"version": "1.0.0",
			"license": "MIT",
			"devDependencies": {
				"@rmenke/css-package-conditional-1": "^1.0.0",
				"@rmenke/css-package-conditional-2": "^1.0.0",
				"@rmenke/css-package-conditional-3": "^1.0.0",
				"@rmenke/css-package-main": "^1.0.0",
				"@rmenke/css-package-style": "^1.0.0"
			}
		},
		"node_modules/@rmenke/css-package-conditional-1": {
			"version": "1.0.0",
			"resolved": "https://registry.npmjs.org/@rmenke/css-package-conditional-1/-/css-package-conditional-1-1.0.0.tgz",
			"integrity": "sha512-/vlKpnb14SHRmjXpbPr+34U43TDZagzcxmEygTRbYtmiPfdE6TWyy49I1nAwMz9RA9Rus7NYtDlYQXfRlDJYRA==",
			"dev": true
		},
		"node_modules/@rmenke/css-package-conditional-2": {
			"version": "1.0.0",
			"resolved": "https://registry.npmjs.org/@rmenke/css-package-conditional-2/-/css-package-conditional-2-1.0.0.tgz",
			"integrity": "sha512-jUX9YuXoEgOH2wH/wMDhfSQL/CGYZZBFDhxw3yTnqurr8ZDcmc8mGbD7pe8HAjML1emTgFXNI4o575V0uT/SxQ==",
			"dev": true
		},
		"node_modules/@rmenke/css-package-conditional-3": {
			"version": "1.0.0",
			"resolved": "https://registry.npmjs.org/@rmenke/css-package-conditional-3/-/css-package-conditional-3-1.0.0.tgz",
			"integrity": "sha512-pzscCcvYWHGFtvXwvEq2vCP9mORwuVii2jIT2077nHr6uQlcdr8orvAVRc4WxJMRNNIW14AiomxXNGKzidDu8g==",
			"dev": true
		},
		"node_modules/@rmenke/css-package-main": {
			"version": "1.0.0",
			"resolved": "https://registry.npmjs.org/@rmenke/css-package-main/-/css-package-main-1.0.0.tgz",
			"integrity": "sha512-mWJukMz6LzLiMKdN9y1rZtgiY3W9vV6pRLUHWStlLAFYEXAP2mpnueHHcuqNIdd5/hU8sknTk0+Ohx712VQm1A==",
			"dev": true
		},
		"node_modules/@rmenke/css-package-style": {
			"version": "1.0.0",
			"resolved": "https://registry.npmjs.org/@rmenke/css-package-style/-/css-package-style-1.0.0.tgz",
			"integrity": "sha512-gL7W2URePDTQBo3dvzPWPe9WSFFC7V3cH7ofqPU1B0C1rWM+xYhqE+LzsMY09PPbug6U06n+s6ccUmnayE6uGA==",
			"dev": true
		}
	}
}
